# This file is automatically @generated by Poetry and should not be changed by hand.

[[package]]
name = "pysimplegui"
version = "4.60.4"
description = "Python GUIs for Humans. Launched in 2018. It's 2022 & PySimpleGUI is an ACTIVE & supported project. Super-simple to create custom GUI's. 325+ Demo programs & Cookbook for rapid start. Extensive documentation. Main docs at www.PySimpleGUI.org. Fun & your success are the focus. Examples using Machine Learning (GUI, OpenCV Integration), Rainmeter Style Desktop Widgets, Matplotlib + Pyplot, PIL support, add GUI to command line scripts, PDF & Image Viewers. Great for beginners & advanced GUI programmers."
category = "main"
optional = false
python-versions = "*"
files = [
    {file = "PySimpleGUI-4.60.4-py3-none-any.whl", hash = "sha256:e133fbd21779f0f125cebbc2a4e1f5a931a383738661013ff33ad525d5611eda"},
    {file = "PySimpleGUI-4.60.4.tar.gz", hash = "sha256:f88c82c301a51aea35be605dc060bcceb0dcb6682e16280544884701ab4b23ba"},
]

[metadata]
lock-version = "2.0"
python-versions = "^3.6"
content-hash = "a3ec47ce886b80ce0688114fe1b258346df8be26590b7d3d6396c27f03a8c5f6"
